
Microsoft Visual Studio Solution File, Format Version 12.00
# Visual Studio Version 16
VisualStudioVersion = 16.0.31005.135
MinimumVisualStudioVersion = 10.0.40219.1
Project("{2150E333-8FDC-42A3-9474-1A3956D46DE8}") = "Server", "Server", "{FC0CF64F-526A-4D45-B28B-4C3667026395}"
EndProject
Project("{2150E333-8FDC-42A3-9474-1A3956D46DE8}") = "Mobile", "Mobile", "{781DC1F9-313C-460A-8EDE-9F9A2FFFA7DD}"
EndProject
Project("{9A19103F-16F7-4668-BE54-9A1E7A4F7556}") = "EventTriggers.Models", "EventTriggers.Models\EventTriggers.Models.csproj", "{5DF2E0EB-1B10-49DF-9E5A-FCDDA190D36A}"
EndProject
Project("{9A19103F-16F7-4668-BE54-9A1E7A4F7556}") = "EventTriggers.Web.Service", "EventTriggers.Web.Service\EventTriggers.Web.Service.csproj", "{BD01769C-B616-4F0B-A4B0-5ABE3285726D}"
EndProject
Project("{9A19103F-16F7-4668-BE54-9A1E7A4F7556}") = "EventTriggers.DataPersistence.MongoDb", "EventTriggers.DataPersistence.MongoDb\EventTriggers.DataPersistence.MongoDb.csproj", "{EDA31B27-1908-4725-97BB-7FD7A9722CE6}"
EndProject
Project("{9A19103F-16F7-4668-BE54-9A1E7A4F7556}") = "EventTriggers.MarketInfoProvider", "EventTriggers.MarketInfoProvider\EventTriggers.MarketInfoProvider.csproj", "{5A07A0A7-42A7-4657-A567-0AD3EF901B96}"
EndProject
Project("{FAE04EC0-301F-11D3-BF4B-00C04F79EFBC}") = "EventTriggers.Web.View", "EventTriggers.Web.View\EventTriggers.Web.View.csproj", "{283EF9D9-EB5F-428F-A045-079990CC743B}"
EndProject
Global
	GlobalSection(SolutionConfigurationPlatforms) = preSolution
		Debug|Any CPU = Debug|Any CPU
		Release|Any CPU = Release|Any CPU
	EndGlobalSection
	GlobalSection(ProjectConfigurationPlatforms) = postSolution
		{5DF2E0EB-1B10-49DF-9E5A-FCDDA190D36A}.Debug|Any CPU.ActiveCfg = Debug|Any CPU
		{5DF2E0EB-1B10-49DF-9E5A-FCDDA190D36A}.Debug|Any CPU.Build.0 = Debug|Any CPU
		{5DF2E0EB-1B10-49DF-9E5A-FCDDA190D36A}.Release|Any CPU.ActiveCfg = Release|Any CPU
		{5DF2E0EB-1B10-49DF-9E5A-FCDDA190D36A}.Release|Any CPU.Build.0 = Release|Any CPU
		{BD01769C-B616-4F0B-A4B0-5ABE3285726D}.Debug|Any CPU.ActiveCfg = Debug|Any CPU
		{BD01769C-B616-4F0B-A4B0-5ABE3285726D}.Debug|Any CPU.Build.0 = Debug|Any CPU
		{BD01769C-B616-4F0B-A4B0-5ABE3285726D}.Release|Any CPU.ActiveCfg = Release|Any CPU
		{BD01769C-B616-4F0B-A4B0-5ABE3285726D}.Release|Any CPU.Build.0 = Release|Any CPU
		{EDA31B27-1908-4725-97BB-7FD7A9722CE6}.Debug|Any CPU.ActiveCfg = Debug|Any CPU
		{EDA31B27-1908-4725-97BB-7FD7A9722CE6}.Debug|Any CPU.Build.0 = Debug|Any CPU
		{EDA31B27-1908-4725-97BB-7FD7A9722CE6}.Release|Any CPU.ActiveCfg = Release|Any CPU
		{EDA31B27-1908-4725-97BB-7FD7A9722CE6}.Release|Any CPU.Build.0 = Release|Any CPU
		{5A07A0A7-42A7-4657-A567-0AD3EF901B96}.Debug|Any CPU.ActiveCfg = Debug|Any CPU
		{5A07A0A7-42A7-4657-A567-0AD3EF901B96}.Debug|Any CPU.Build.0 = Debug|Any CPU
		{5A07A0A7-42A7-4657-A567-0AD3EF901B96}.Release|Any CPU.ActiveCfg = Release|Any CPU
		{5A07A0A7-42A7-4657-A567-0AD3EF901B96}.Release|Any CPU.Build.0 = Release|Any CPU
		{283EF9D9-EB5F-428F-A045-079990CC743B}.Debug|Any CPU.ActiveCfg = Debug|Any CPU
		{283EF9D9-EB5F-428F-A045-079990CC743B}.Debug|Any CPU.Build.0 = Debug|Any CPU
		{283EF9D9-EB5F-428F-A045-079990CC743B}.Release|Any CPU.ActiveCfg = Release|Any CPU
		{283EF9D9-EB5F-428F-A045-079990CC743B}.Release|Any CPU.Build.0 = Release|Any CPU
	EndGlobalSection
	GlobalSection(SolutionProperties) = preSolution
		HideSolutionNode = FALSE
	EndGlobalSection
	GlobalSection(NestedProjects) = preSolution
		{5DF2E0EB-1B10-49DF-9E5A-FCDDA190D36A} = {FC0CF64F-526A-4D45-B28B-4C3667026395}
		{BD01769C-B616-4F0B-A4B0-5ABE3285726D} = {FC0CF64F-526A-4D45-B28B-4C3667026395}
		{EDA31B27-1908-4725-97BB-7FD7A9722CE6} = {FC0CF64F-526A-4D45-B28B-4C3667026395}
		{5A07A0A7-42A7-4657-A567-0AD3EF901B96} = {FC0CF64F-526A-4D45-B28B-4C3667026395}
		{283EF9D9-EB5F-428F-A045-079990CC743B} = {FC0CF64F-526A-4D45-B28B-4C3667026395}
	EndGlobalSection
	GlobalSection(ExtensibilityGlobals) = postSolution
		SolutionGuid = {851EEBF0-E7B8-4C53-A8F7-253C69E6FBB1}
	EndGlobalSection
EndGlobal
